
Microsoft Visual Studio Solution File, Format Version 12.00
# Visual Studio Version 17
VisualStudioVersion = 17.6.33801.468
MinimumVisualStudioVersion = 10.0.40219.1
Project("{9A19103F-16F7-4668-BE54-9A1E7A4F7556}") = "Rvcss.Orchestrator", "Rvcss.Orchestrator\Rvcss.Orchestrator.csproj", "{FCA6EEBF-E562-4080-B14E-0653BA774887}"
EndProject
Project("{9A19103F-16F7-4668-BE54-9A1E7A4F7556}") = "Rvcss.ExampleWorker", "Rvcss.ExampleWorker\Rvcss.ExampleWorker.csproj", "{69C675EB-0EDF-4A72-A337-52D9F1DF62EF}"
EndProject
Project("{9A19103F-16F7-4668-BE54-9A1E7A4F7556}") = "Rvcss.Shared", "Rvcss.Shared\Rvcss.Shared.csproj", "{75C6D558-B482-4451-B86F-2888D642BDD4}"
EndProject
Project("{9A19103F-16F7-4668-BE54-9A1E7A4F7556}") = "Rvcss.Orchestrator.Tests", "Rvcss.Orchestrator.Tests\Rvcss.Orchestrator.Tests.csproj", "{9FA03488-73DE-4071-818E-B5F2160A82E2}"
EndProject
Project("{2150E333-8FDC-42A3-9474-1A3956D46DE8}") = "Solution Items", "Solution Items", "{74DC6265-DBAA-4EA7-9AF6-9C63A0726F6D}"
	ProjectSection(SolutionItems) = preProject
		.editorconfig = .editorconfig
	EndProjectSection
EndProject
Project("{9A19103F-16F7-4668-BE54-9A1E7A4F7556}") = "DotNetIsolator", "IS4Code-DotNetIsolator\src\DotNetIsolator\DotNetIsolator.csproj", "{7F77D605-F1F2-4E75-BE31-4D6E366DEB77}"
EndProject
Project("{9A19103F-16F7-4668-BE54-9A1E7A4F7556}") = "DotNetIsolator.Guest", "IS4Code-DotNetIsolator\src\DotNetIsolator.Guest\DotNetIsolator.Guest.csproj", "{E3013CBB-1679-4D69-BC28-6765335775FD}"
EndProject
Project("{9A19103F-16F7-4668-BE54-9A1E7A4F7556}") = "DotNetIsolator.WasmApp", "IS4Code-DotNetIsolator\src\DotNetIsolator.WasmApp\DotNetIsolator.WasmApp.csproj", "{99AC26F2-BAE7-48DE-8E99-E829E82650D7}"
EndProject
Project("{2150E333-8FDC-42A3-9474-1A3956D46DE8}") = "Docs", "Docs", "{D2C1C427-72DE-4F91-95E6-8694B1C904E3}"
	ProjectSection(SolutionItems) = preProject
		Docs\InstallWiser.md = Docs\InstallWiser.md
		README.md = README.md
	EndProjectSection
EndProject
Global
	GlobalSection(SolutionConfigurationPlatforms) = preSolution
		Debug|Any CPU = Debug|Any CPU
		Release|Any CPU = Release|Any CPU
	EndGlobalSection
	GlobalSection(ProjectConfigurationPlatforms) = postSolution
		{FCA6EEBF-E562-4080-B14E-0653BA774887}.Debug|Any CPU.ActiveCfg = Debug|Any CPU
		{FCA6EEBF-E562-4080-B14E-0653BA774887}.Debug|Any CPU.Build.0 = Debug|Any CPU
		{FCA6EEBF-E562-4080-B14E-0653BA774887}.Release|Any CPU.ActiveCfg = Release|Any CPU
		{FCA6EEBF-E562-4080-B14E-0653BA774887}.Release|Any CPU.Build.0 = Release|Any CPU
		{69C675EB-0EDF-4A72-A337-52D9F1DF62EF}.Debug|Any CPU.ActiveCfg = Debug|Any CPU
		{69C675EB-0EDF-4A72-A337-52D9F1DF62EF}.Debug|Any CPU.Build.0 = Debug|Any CPU
		{69C675EB-0EDF-4A72-A337-52D9F1DF62EF}.Release|Any CPU.ActiveCfg = Release|Any CPU
		{69C675EB-0EDF-4A72-A337-52D9F1DF62EF}.Release|Any CPU.Build.0 = Release|Any CPU
		{75C6D558-B482-4451-B86F-2888D642BDD4}.Debug|Any CPU.ActiveCfg = Debug|Any CPU
		{75C6D558-B482-4451-B86F-2888D642BDD4}.Debug|Any CPU.Build.0 = Debug|Any CPU
		{75C6D558-B482-4451-B86F-2888D642BDD4}.Release|Any CPU.ActiveCfg = Release|Any CPU
		{75C6D558-B482-4451-B86F-2888D642BDD4}.Release|Any CPU.Build.0 = Release|Any CPU
		{9FA03488-73DE-4071-818E-B5F2160A82E2}.Debug|Any CPU.ActiveCfg = Debug|Any CPU
		{9FA03488-73DE-4071-818E-B5F2160A82E2}.Debug|Any CPU.Build.0 = Debug|Any CPU
		{9FA03488-73DE-4071-818E-B5F2160A82E2}.Release|Any CPU.ActiveCfg = Release|Any CPU
		{9FA03488-73DE-4071-818E-B5F2160A82E2}.Release|Any CPU.Build.0 = Release|Any CPU
		{7F77D605-F1F2-4E75-BE31-4D6E366DEB77}.Debug|Any CPU.ActiveCfg = Debug|Any CPU
		{7F77D605-F1F2-4E75-BE31-4D6E366DEB77}.Debug|Any CPU.Build.0 = Debug|Any CPU
		{7F77D605-F1F2-4E75-BE31-4D6E366DEB77}.Release|Any CPU.ActiveCfg = Release|Any CPU
		{7F77D605-F1F2-4E75-BE31-4D6E366DEB77}.Release|Any CPU.Build.0 = Release|Any CPU
		{E3013CBB-1679-4D69-BC28-6765335775FD}.Debug|Any CPU.ActiveCfg = Debug|Any CPU
		{E3013CBB-1679-4D69-BC28-6765335775FD}.Debug|Any CPU.Build.0 = Debug|Any CPU
		{E3013CBB-1679-4D69-BC28-6765335775FD}.Release|Any CPU.ActiveCfg = Release|Any CPU
		{E3013CBB-1679-4D69-BC28-6765335775FD}.Release|Any CPU.Build.0 = Release|Any CPU
		{99AC26F2-BAE7-48DE-8E99-E829E82650D7}.Debug|Any CPU.ActiveCfg = Debug|Any CPU
		{99AC26F2-BAE7-48DE-8E99-E829E82650D7}.Debug|Any CPU.Build.0 = Debug|Any CPU
		{99AC26F2-BAE7-48DE-8E99-E829E82650D7}.Release|Any CPU.ActiveCfg = Release|Any CPU
		{99AC26F2-BAE7-48DE-8E99-E829E82650D7}.Release|Any CPU.Build.0 = Release|Any CPU
	EndGlobalSection
	GlobalSection(SolutionProperties) = preSolution
		HideSolutionNode = FALSE
	EndGlobalSection
	GlobalSection(ExtensibilityGlobals) = postSolution
		SolutionGuid = {39AB9D5E-4F8B-4802-A837-3DA5384392B8}
	EndGlobalSection
EndGlobal
